
Microsoft Visual Studio Solution File, Format Version 12.00
# Visual Studio Version 16
VisualStudioVersion = 16.0.31424.327
MinimumVisualStudioVersion = 10.0.40219.1
Project("{FAE04EC0-301F-11D3-BF4B-00C04F79EFBC}") = "ChessBoardGUIApp", "ChessBoardGUIApp\ChessBoardGUIApp.csproj", "{16A7FB75-12D6-429B-B295-8A5189CE86AE}"
EndProject
Project("{9A19103F-16F7-4668-BE54-9A1E7A4F7556}") = "ChessBoardModel", "ChessBoardModel\ChessBoardModel.csproj", "{7817747A-F5C9-46B3-9082-126DEB336760}"
EndProject
Global
	GlobalSection(SolutionConfigurationPlatforms) = preSolution
		Debug|Any CPU = Debug|Any CPU
		Release|Any CPU = Release|Any CPU
	EndGlobalSection
	GlobalSection(ProjectConfigurationPlatforms) = postSolution
		{16A7FB75-12D6-429B-B295-8A5189CE86AE}.Debug|Any CPU.ActiveCfg = Debug|Any CPU
		{16A7FB75-12D6-429B-B295-8A5189CE86AE}.Debug|Any CPU.Build.0 = Debug|Any CPU
		{16A7FB75-12D6-429B-B295-8A5189CE86AE}.Release|Any CPU.ActiveCfg = Release|Any CPU
		{16A7FB75-12D6-429B-B295-8A5189CE86AE}.Release|Any CPU.Build.0 = Release|Any CPU
		{7817747A-F5C9-46B3-9082-126DEB336760}.Debug|Any CPU.ActiveCfg = Debug|Any CPU
		{7817747A-F5C9-46B3-9082-126DEB336760}.Debug|Any CPU.Build.0 = Debug|Any CPU
		{7817747A-F5C9-46B3-9082-126DEB336760}.Release|Any CPU.ActiveCfg = Release|Any CPU
		{7817747A-F5C9-46B3-9082-126DEB336760}.Release|Any CPU.Build.0 = Release|Any CPU
	EndGlobalSection
	GlobalSection(SolutionProperties) = preSolution
		HideSolutionNode = FALSE
	EndGlobalSection
	GlobalSection(ExtensibilityGlobals) = postSolution
		SolutionGuid = {3E95F517-3ECC-4070-AB7F-FE960695218A}
	EndGlobalSection
EndGlobal
